// !$*UTF8*$!
{
	archiveVersion = 1;
	classes = {
	};
	objectVersion = 77;
	objects = {

/* Begin PBXBuildFile section */
		4FD1375F2D54DDFB00BF7A49 /* ProtonTodoDevTest.framework in Frameworks */ = {isa = PBXBuildFile; fileRef = 4FD1375E2D54DDFB00BF7A49 /* ProtonTodoDevTest.framework */; };
		4FD137602D54DDFB00BF7A49 /* ProtonTodoDevTest.framework in Embed Frameworks */ = {isa = PBXBuildFile; fileRef = 4FD1375E2D54DDFB00BF7A49 /* ProtonTodoDevTest.framework */; settings = {ATTRIBUTES = (CodeSignOnCopy, RemoveHeadersOnCopy, ); }; };
		4FD137632D54DDFD00BF7A49 /* ProtonTodoDevTestiOS.framework in Frameworks */ = {isa = PBXBuildFile; fileRef = 4FD137622D54DDFD00BF7A49 /* ProtonTodoDevTestiOS.framework */; };
		4FD137642D54DDFD00BF7A49 /* ProtonTodoDevTestiOS.framework in Embed Frameworks */ = {isa = PBXBuildFile; fileRef = 4FD137622D54DDFD00BF7A49 /* ProtonTodoDevTestiOS.framework */; settings = {ATTRIBUTES = (CodeSignOnCopy, RemoveHeadersOnCopy, ); }; };
/* End PBXBuildFile section */

/* Begin PBXContainerItemProxy section */
		4F240CA02D68347800EBF731 /* PBXContainerItemProxy */ = {
			isa = PBXContainerItemProxy;
			containerPortal = 4FD1349D2D54DC1400BF7A49 /* Project object */;
			proxyType = 1;
			remoteGlobalIDString = 4FD134A42D54DC1400BF7A49;
			remoteInfo = ProtonTodoDevTestApp;
		};
/* End PBXContainerItemProxy section */

/* Begin PBXCopyFilesBuildPhase section */
		4FD137612D54DDFB00BF7A49 /* Embed Frameworks */ = {
			isa = PBXCopyFilesBuildPhase;
			buildActionMask = 2147483647;
			dstPath = "";
			dstSubfolderSpec = 10;
			files = (
				4FD137642D54DDFD00BF7A49 /* ProtonTodoDevTestiOS.framework in Embed Frameworks */,
				4FD137602D54DDFB00BF7A49 /* ProtonTodoDevTest.framework in Embed Frameworks */,
			);
			name = "Embed Frameworks";
			runOnlyForDeploymentPostprocessing = 0;
		};
/* End PBXCopyFilesBuildPhase section */

/* Begin PBXFileReference section */
		4F240C9C2D68347800EBF731 /* ProtonTodoDevTestAppTests.xctest */ = {isa = PBXFileReference; explicitFileType = wrapper.cfbundle; includeInIndex = 0; path = ProtonTodoDevTestAppTests.xctest; sourceTree = BUILT_PRODUCTS_DIR; };
		4FD134A52D54DC1400BF7A49 /* ProtonTodoDevTestApp.app */ = {isa = PBXFileReference; explicitFileType = wrapper.application; includeInIndex = 0; path = ProtonTodoDevTestApp.app; sourceTree = BUILT_PRODUCTS_DIR; };
		4FD1375E2D54DDFB00BF7A49 /* ProtonTodoDevTest.framework */ = {isa = PBXFileReference; explicitFileType = wrapper.framework; path = ProtonTodoDevTest.framework; sourceTree = BUILT_PRODUCTS_DIR; };
		4FD137622D54DDFD00BF7A49 /* ProtonTodoDevTestiOS.framework */ = {isa = PBXFileReference; explicitFileType = wrapper.framework; path = ProtonTodoDevTestiOS.framework; sourceTree = BUILT_PRODUCTS_DIR; };
/* End PBXFileReference section */

/* Begin PBXFileSystemSynchronizedRootGroup section */
		4F240C9D2D68347800EBF731 /* ProtonTodoDevTestAppTests */ = {
			isa = PBXFileSystemSynchronizedRootGroup;
			path = ProtonTodoDevTestAppTests;
			sourceTree = "<group>";
		};
		4FD134A72D54DC1400BF7A49 /* ProtonTodoDevTestApp */ = {
			isa = PBXFileSystemSynchronizedRootGroup;
			path = ProtonTodoDevTestApp;
			sourceTree = "<group>";
		};
/* End PBXFileSystemSynchronizedRootGroup section */

/* Begin PBXFrameworksBuildPhase section */
		4F240C992D68347800EBF731 /* Frameworks */ = {
			isa = PBXFrameworksBuildPhase;
			buildActionMask = 2147483647;
			files = (
			);
			runOnlyForDeploymentPostprocessing = 0;
		};
		4FD134A22D54DC1400BF7A49 /* Frameworks */ = {
			isa = PBXFrameworksBuildPhase;
			buildActionMask = 2147483647;
			files = (
				4FD137632D54DDFD00BF7A49 /* ProtonTodoDevTestiOS.framework in Frameworks */,
				4FD1375F2D54DDFB00BF7A49 /* ProtonTodoDevTest.framework in Frameworks */,
			);
			runOnlyForDeploymentPostprocessing = 0;
		};
/* End PBXFrameworksBuildPhase section */

/* Begin PBXGroup section */
		4FD1349C2D54DC1400BF7A49 = {
			isa = PBXGroup;
			children = (
				4FD134A72D54DC1400BF7A49 /* ProtonTodoDevTestApp */,
				4F240C9D2D68347800EBF731 /* ProtonTodoDevTestAppTests */,
				4FD1375D2D54DDFB00BF7A49 /* Frameworks */,
				4FD134A62D54DC1400BF7A49 /* Products */,
			);
			sourceTree = "<group>";
		};
		4FD134A62D54DC1400BF7A49 /* Products */ = {
			isa = PBXGroup;
			children = (
				4FD134A52D54DC1400BF7A49 /* ProtonTodoDevTestApp.app */,
				4F240C9C2D68347800EBF731 /* ProtonTodoDevTestAppTests.xctest */,
			);
			name = Products;
			sourceTree = "<group>";
		};
		4FD1375D2D54DDFB00BF7A49 /* Frameworks */ = {
			isa = PBXGroup;
			children = (
				4FD137622D54DDFD00BF7A49 /* ProtonTodoDevTestiOS.framework */,
				4FD1375E2D54DDFB00BF7A49 /* ProtonTodoDevTest.framework */,
			);
			name = Frameworks;
			sourceTree = "<group>";
		};
/* End PBXGroup section */

/* Begin PBXNativeTarget section */
		4F240C9B2D68347800EBF731 /* ProtonTodoDevTestAppTests */ = {
			isa = PBXNativeTarget;
			buildConfigurationList = 4F240CA42D68347800EBF731 /* Build configuration list for PBXNativeTarget "ProtonTodoDevTestAppTests" */;
			buildPhases = (
				4F240C982D68347800EBF731 /* Sources */,
				4F240C992D68347800EBF731 /* Frameworks */,
				4F240C9A2D68347800EBF731 /* Resources */,
			);
			buildRules = (
			);
			dependencies = (
				4F240CA12D68347800EBF731 /* PBXTargetDependency */,
			);
			fileSystemSynchronizedGroups = (
				4F240C9D2D68347800EBF731 /* ProtonTodoDevTestAppTests */,
			);
			name = ProtonTodoDevTestAppTests;
			packageProductDependencies = (
			);
			productName = ProtonTodoDevTestAppTests;
			productReference = 4F240C9C2D68347800EBF731 /* ProtonTodoDevTestAppTests.xctest */;
			productType = "com.apple.product-type.bundle.unit-test";
		};
		4FD134A42D54DC1400BF7A49 /* ProtonTodoDevTestApp */ = {
			isa = PBXNativeTarget;
			buildConfigurationList = 4FD134B32D54DC1600BF7A49 /* Build configuration list for PBXNativeTarget "ProtonTodoDevTestApp" */;
			buildPhases = (
				4FD134A12D54DC1400BF7A49 /* Sources */,
				4FD134A22D54DC1400BF7A49 /* Frameworks */,
				4FD134A32D54DC1400BF7A49 /* Resources */,
				4FD137612D54DDFB00BF7A49 /* Embed Frameworks */,
			);
			buildRules = (
			);
			dependencies = (
			);
			fileSystemSynchronizedGroups = (
				4FD134A72D54DC1400BF7A49 /* ProtonTodoDevTestApp */,
			);
			name = ProtonTodoDevTestApp;
			packageProductDependencies = (
			);
			productName = ProtonTodoDevTestApp;
			productReference = 4FD134A52D54DC1400BF7A49 /* ProtonTodoDevTestApp.app */;
			productType = "com.apple.product-type.application";
		};
/* End PBXNativeTarget section */

/* Begin PBXProject section */
		4FD1349D2D54DC1400BF7A49 /* Project object */ = {
			isa = PBXProject;
			attributes = {
				BuildIndependentTargetsInParallel = 1;
				LastSwiftUpdateCheck = 1620;
				LastUpgradeCheck = 1620;
				TargetAttributes = {
					4F240C9B2D68347800EBF731 = {
						CreatedOnToolsVersion = 16.2;
						LastSwiftMigration = 1620;
						TestTargetID = 4FD134A42D54DC1400BF7A49;
					};
					4FD134A42D54DC1400BF7A49 = {
						CreatedOnToolsVersion = 16.2;
					};
				};
			};
			buildConfigurationList = 4FD134A02D54DC1400BF7A49 /* Build configuration list for PBXProject "ProtonTodoDevTestApp" */;
			developmentRegion = en;
			hasScannedForEncodings = 0;
			knownRegions = (
				en,
				Base,
			);
			mainGroup = 4FD1349C2D54DC1400BF7A49;
			minimizedProjectReferenceProxies = 1;
			preferredProjectObjectVersion = 77;
			productRefGroup = 4FD134A62D54DC1400BF7A49 /* Products */;
			projectDirPath = "";
			projectRoot = "";
			targets = (
				4FD134A42D54DC1400BF7A49 /* ProtonTodoDevTestApp */,
				4F240C9B2D68347800EBF731 /* ProtonTodoDevTestAppTests */,
			);
		};
/* End PBXProject section */

/* Begin PBXResourcesBuildPhase section */
		4F240C9A2D68347800EBF731 /* Resources */ = {
			isa = PBXResourcesBuildPhase;
			buildActionMask = 2147483647;
			files = (
			);
			runOnlyForDeploymentPostprocessing = 0;
		};
		4FD134A32D54DC1400BF7A49 /* Resources */ = {
			isa = PBXResourcesBuildPhase;
			buildActionMask = 2147483647;
			files = (
			);
			runOnlyForDeploymentPostprocessing = 0;
		};
/* End PBXResourcesBuildPhase section */

/* Begin PBXSourcesBuildPhase section */
		4F240C982D68347800EBF731 /* Sources */ = {
			isa = PBXSourcesBuildPhase;
			buildActionMask = 2147483647;
			files = (
			);
			runOnlyForDeploymentPostprocessing = 0;
		};
		4FD134A12D54DC1400BF7A49 /* Sources */ = {
			isa = PBXSourcesBuildPhase;
			buildActionMask = 2147483647;
			files = (
			);
			runOnlyForDeploymentPostprocessing = 0;
		};
/* End PBXSourcesBuildPhase section */

/* Begin PBXTargetDependency section */
		4F240CA12D68347800EBF731 /* PBXTargetDependency */ = {
			isa = PBXTargetDependency;
			target = 4FD134A42D54DC1400BF7A49 /* ProtonTodoDevTestApp */;
			targetProxy = 4F240CA02D68347800EBF731 /* PBXContainerItemProxy */;
		};
/* End PBXTargetDependency section */

/* Begin XCBuildConfiguration section */
		4F240CA22D68347800EBF731 /* Debug */ = {
			isa = XCBuildConfiguration;
			buildSettings = {
				BUNDLE_LOADER = "$(TEST_HOST)";
				CLANG_ENABLE_MODULES = YES;
				CODE_SIGN_STYLE = Automatic;
				CURRENT_PROJECT_VERSION = 1;
				DEVELOPMENT_TEAM = 5YJ9NPM7MQ;
				GENERATE_INFOPLIST_FILE = YES;
				MARKETING_VERSION = 1.0;
				PRODUCT_BUNDLE_IDENTIFIER = com.fenominall.ProtonTodoDevTestAppTests;
				PRODUCT_NAME = "$(TARGET_NAME)";
				SWIFT_EMIT_LOC_STRINGS = NO;
				SWIFT_OPTIMIZATION_LEVEL = "-Onone";
				SWIFT_VERSION = 5.0;
				TARGETED_DEVICE_FAMILY = "1,2";
				TEST_HOST = "$(BUILT_PRODUCTS_DIR)/ProtonTodoDevTestApp.app/$(BUNDLE_EXECUTABLE_FOLDER_PATH)/ProtonTodoDevTestApp";
			};
			name = Debug;
		};
		4F240CA32D68347800EBF731 /* Release */ = {
			isa = XCBuildConfiguration;
			buildSettings = {
				BUNDLE_LOADER = "$(TEST_HOST)";
				CLANG_ENABLE_MODULES = YES;
				CODE_SIGN_STYLE = Automatic;
				CURRENT_PROJECT_VERSION = 1;
				DEVELOPMENT_TEAM = 5YJ9NPM7MQ;
				GENERATE_INFOPLIST_FILE = YES;
				MARKETING_VERSION = 1.0;
				PRODUCT_BUNDLE_IDENTIFIER = com.fenominall.ProtonTodoDevTestAppTests;
				PRODUCT_NAME = "$(TARGET_NAME)";
				SWIFT_EMIT_LOC_STRINGS = NO;
				SWIFT_VERSION = 5.0;
				TARGETED_DEVICE_FAMILY = "1,2";
				TEST_HOST = "$(BUILT_PRODUCTS_DIR)/ProtonTodoDevTestApp.app/$(BUNDLE_EXECUTABLE_FOLDER_PATH)/ProtonTodoDevTestApp";
			};
			name = Release;
		};
		4FD134B12D54DC1600BF7A49 /* Debug */ = {
			isa = XCBuildConfiguration;
			buildSettings = {
				ALWAYS_SEARCH_USER_PATHS = NO;
				ASSETCATALOG_COMPILER_GENERATE_SWIFT_ASSET_SYMBOL_EXTENSIONS = YES;
				CLANG_ANALYZER_NONNULL = YES;
				CLANG_ANALYZER_NUMBER_OBJECT_CONVERSION = YES_AGGRESSIVE;
				CLANG_CXX_LANGUAGE_STANDARD = "gnu++20";
				CLANG_ENABLE_MODULES = YES;
				CLANG_ENABLE_OBJC_ARC = YES;
				CLANG_ENABLE_OBJC_WEAK = YES;
				CLANG_WARN_BLOCK_CAPTURE_AUTORELEASING = YES;
				CLANG_WARN_BOOL_CONVERSION = YES;
				CLANG_WARN_COMMA = YES;
				CLANG_WARN_CONSTANT_CONVERSION = YES;
				CLANG_WARN_DEPRECATED_OBJC_IMPLEMENTATIONS = YES;
				CLANG_WARN_DIRECT_OBJC_ISA_USAGE = YES_ERROR;
				CLANG_WARN_DOCUMENTATION_COMMENTS = YES;
				CLANG_WARN_EMPTY_BODY = YES;
				CLANG_WARN_ENUM_CONVERSION = YES;
				CLANG_WARN_INFINITE_RECURSION = YES;
				CLANG_WARN_INT_CONVERSION = YES;
				CLANG_WARN_NON_LITERAL_NULL_CONVERSION = YES;
				CLANG_WARN_OBJC_IMPLICIT_RETAIN_SELF = YES;
				CLANG_WARN_OBJC_LITERAL_CONVERSION = YES;
				CLANG_WARN_OBJC_ROOT_CLASS = YES_ERROR;
				CLANG_WARN_QUOTED_INCLUDE_IN_FRAMEWORK_HEADER = YES;
				CLANG_WARN_RANGE_LOOP_ANALYSIS = YES;
				CLANG_WARN_STRICT_PROTOTYPES = YES;
				CLANG_WARN_SUSPICIOUS_MOVE = YES;
				CLANG_WARN_UNGUARDED_AVAILABILITY = YES_AGGRESSIVE;
				CLANG_WARN_UNREACHABLE_CODE = YES;
				CLANG_WARN__DUPLICATE_METHOD_MATCH = YES;
				COPY_PHASE_STRIP = NO;
				DEBUG_INFORMATION_FORMAT = dwarf;
				ENABLE_STRICT_OBJC_MSGSEND = YES;
				ENABLE_TESTABILITY = YES;
				ENABLE_USER_SCRIPT_SANDBOXING = YES;
				GCC_C_LANGUAGE_STANDARD = gnu17;
				GCC_DYNAMIC_NO_PIC = NO;
				GCC_NO_COMMON_BLOCKS = YES;
				GCC_OPTIMIZATION_LEVEL = 0;
				GCC_PREPROCESSOR_DEFINITIONS = (
					"DEBUG=1",
					"$(inherited)",
				);
				GCC_WARN_64_TO_32_BIT_CONVERSION = YES;
				GCC_WARN_ABOUT_RETURN_TYPE = YES_ERROR;
				GCC_WARN_UNDECLARED_SELECTOR = YES;
				GCC_WARN_UNINITIALIZED_AUTOS = YES_AGGRESSIVE;
				GCC_WARN_UNUSED_FUNCTION = YES;
				GCC_WARN_UNUSED_VARIABLE = YES;
				IPHONEOS_DEPLOYMENT_TARGET = 18.2;
				LOCALIZATION_PREFERS_STRING_CATALOGS = YES;
				MTL_ENABLE_DEBUG_INFO = INCLUDE_SOURCE;
				MTL_FAST_MATH = YES;
				ONLY_ACTIVE_ARCH = YES;
				SDKROOT = iphoneos;
				SWIFT_ACTIVE_COMPILATION_CONDITIONS = "DEBUG $(inherited)";
				SWIFT_OPTIMIZATION_LEVEL = "-Onone";
			};
			name = Debug;
		};
		4FD134B22D54DC1600BF7A49 /* Release */ = {
			isa = XCBuildConfiguration;
			buildSettings = {
				ALWAYS_SEARCH_USER_PATHS = NO;
				ASSETCATALOG_COMPILER_GENERATE_SWIFT_ASSET_SYMBOL_EXTENSIONS = YES;
				CLANG_ANALYZER_NONNULL = YES;
				CLANG_ANALYZER_NUMBER_OBJECT_CONVERSION = YES_AGGRESSIVE;
				CLANG_CXX_LANGUAGE_STANDARD = "gnu++20";
				CLANG_ENABLE_MODULES = YES;
				CLANG_ENABLE_OBJC_ARC = YES;
				CLANG_ENABLE_OBJC_WEAK = YES;
				CLANG_WARN_BLOCK_CAPTURE_AUTORELEASING = YES;
				CLANG_WARN_BOOL_CONVERSION = YES;
				CLANG_WARN_COMMA = YES;
				CLANG_WARN_CONSTANT_CONVERSION = YES;
				CLANG_WARN_DEPRECATED_OBJC_IMPLEMENTATIONS = YES;
				CLANG_WARN_DIRECT_OBJC_ISA_USAGE = YES_ERROR;
				CLANG_WARN_DOCUMENTATION_COMMENTS = YES;
				CLANG_WARN_EMPTY_BODY = YES;
				CLANG_WARN_ENUM_CONVERSION = YES;
				CLANG_WARN_INFINITE_RECURSION = YES;
				CLANG_WARN_INT_CONVERSION = YES;
				CLANG_WARN_NON_LITERAL_NULL_CONVERSION = YES;
				CLANG_WARN_OBJC_IMPLICIT_RETAIN_SELF = YES;
				CLANG_WARN_OBJC_LITERAL_CONVERSION = YES;
				CLANG_WARN_OBJC_ROOT_CLASS = YES_ERROR;
				CLANG_WARN_QUOTED_INCLUDE_IN_FRAMEWORK_HEADER = YES;
				CLANG_WARN_RANGE_LOOP_ANALYSIS = YES;
				CLANG_WARN_STRICT_PROTOTYPES = YES;
				CLANG_WARN_SUSPICIOUS_MOVE = YES;
				CLANG_WARN_UNGUARDED_AVAILABILITY = YES_AGGRESSIVE;
				CLANG_WARN_UNREACHABLE_CODE = YES;
				CLANG_WARN__DUPLICATE_METHOD_MATCH = YES;
				COPY_PHASE_STRIP = NO;
				DEBUG_INFORMATION_FORMAT = "dwarf-with-dsym";
				ENABLE_NS_ASSERTIONS = NO;
				ENABLE_STRICT_OBJC_MSGSEND = YES;
				ENABLE_USER_SCRIPT_SANDBOXING = YES;
				GCC_C_LANGUAGE_STANDARD = gnu17;
				GCC_NO_COMMON_BLOCKS = YES;
				GCC_WARN_64_TO_32_BIT_CONVERSION = YES;
				GCC_WARN_ABOUT_RETURN_TYPE = YES_ERROR;
				GCC_WARN_UNDECLARED_SELECTOR = YES;
				GCC_WARN_UNINITIALIZED_AUTOS = YES_AGGRESSIVE;
				GCC_WARN_UNUSED_FUNCTION = YES;
				GCC_WARN_UNUSED_VARIABLE = YES;
				IPHONEOS_DEPLOYMENT_TARGET = 18.2;
				LOCALIZATION_PREFERS_STRING_CATALOGS = YES;
				MTL_ENABLE_DEBUG_INFO = NO;
				MTL_FAST_MATH = YES;
				SDKROOT = iphoneos;
				SWIFT_COMPILATION_MODE = wholemodule;
				VALIDATE_PRODUCT = YES;
			};
			name = Release;
		};
		4FD134B42D54DC1600BF7A49 /* Debug */ = {
			isa = XCBuildConfiguration;
			buildSettings = {
				ASSETCATALOG_COMPILER_APPICON_NAME = AppIcon;
				ASSETCATALOG_COMPILER_GLOBAL_ACCENT_COLOR_NAME = AccentColor;
				CODE_SIGN_STYLE = Automatic;
				CURRENT_PROJECT_VERSION = 1;
				DEVELOPMENT_ASSET_PATHS = "\"ProtonTodoDevTestApp/Preview Content\"";
				DEVELOPMENT_TEAM = 5YJ9NPM7MQ;
				ENABLE_PREVIEWS = YES;
				GENERATE_INFOPLIST_FILE = YES;
				INFOPLIST_KEY_UIApplicationSceneManifest_Generation = YES;
				INFOPLIST_KEY_UIApplicationSupportsIndirectInputEvents = YES;
				INFOPLIST_KEY_UILaunchScreen_Generation = YES;
				INFOPLIST_KEY_UISupportedInterfaceOrientations = UIInterfaceOrientationPortrait;
				LD_RUNPATH_SEARCH_PATHS = (
					"$(inherited)",
					"@executable_path/Frameworks",
				);
				MARKETING_VERSION = 1.0;
				PRODUCT_BUNDLE_IDENTIFIER = com.fenominall.ProtonTodoDevTestApp;
				PRODUCT_NAME = "$(TARGET_NAME)";
				SWIFT_EMIT_LOC_STRINGS = YES;
				SWIFT_VERSION = 5.0;
				TARGETED_DEVICE_FAMILY = "1,2";
			};
			name = Debug;
		};
		4FD134B52D54DC1600BF7A49 /* Release */ = {
			isa = XCBuildConfiguration;
			buildSettings = {
				ASSETCATALOG_COMPILER_APPICON_NAME = AppIcon;
				ASSETCATALOG_COMPILER_GLOBAL_ACCENT_COLOR_NAME = AccentColor;
				CODE_SIGN_STYLE = Automatic;
				CURRENT_PROJECT_VERSION = 1;
				DEVELOPMENT_ASSET_PATHS = "\"ProtonTodoDevTestApp/Preview Content\"";
				DEVELOPMENT_TEAM = 5YJ9NPM7MQ;
				ENABLE_PREVIEWS = YES;
				GENERATE_INFOPLIST_FILE = YES;
				INFOPLIST_KEY_UIApplicationSceneManifest_Generation = YES;
				INFOPLIST_KEY_UIApplicationSupportsIndirectInputEvents = YES;
				INFOPLIST_KEY_UILaunchScreen_Generation = YES;
				INFOPLIST_KEY_UISupportedInterfaceOrientations = UIInterfaceOrientationPortrait;
				LD_RUNPATH_SEARCH_PATHS = (
					"$(inherited)",
					"@executable_path/Frameworks",
				);
				MARKETING_VERSION = 1.0;
				PRODUCT_BUNDLE_IDENTIFIER = com.fenominall.ProtonTodoDevTestApp;
				PRODUCT_NAME = "$(TARGET_NAME)";
				SWIFT_EMIT_LOC_STRINGS = YES;
				SWIFT_VERSION = 5.0;
				TARGETED_DEVICE_FAMILY = "1,2";
			};
			name = Release;
		};
/* End XCBuildConfiguration section */

/* Begin XCConfigurationList section */
		4F240CA42D68347800EBF731 /* Build configuration list for PBXNativeTarget "ProtonTodoDevTestAppTests" */ = {
			isa = XCConfigurationList;
			buildConfigurations = (
				4F240CA22D68347800EBF731 /* Debug */,
				4F240CA32D68347800EBF731 /* Release */,
			);
			defaultConfigurationIsVisible = 0;
			defaultConfigurationName = Release;
		};
		4FD134A02D54DC1400BF7A49 /* Build configuration list for PBXProject "ProtonTodoDevTestApp" */ = {
			isa = XCConfigurationList;
			buildConfigurations = (
				4FD134B12D54DC1600BF7A49 /* Debug */,
				4FD134B22D54DC1600BF7A49 /* Release */,
			);
			defaultConfigurationIsVisible = 0;
			defaultConfigurationName = Release;
		};
		4FD134B32D54DC1600BF7A49 /* Build configuration list for PBXNativeTarget "ProtonTodoDevTestApp" */ = {
			isa = XCConfigurationList;
			buildConfigurations = (
				4FD134B42D54DC1600BF7A49 /* Debug */,
				4FD134B52D54DC1600BF7A49 /* Release */,
			);
			defaultConfigurationIsVisible = 0;
			defaultConfigurationName = Release;
		};
/* End XCConfigurationList section */
	};
	rootObject = 4FD1349D2D54DC1400BF7A49 /* Project object */;
}
