// !$*UTF8*$!
{
	archiveVersion = 1;
	classes = {
	};
	objectVersion = 77;
	objects = {

/* Begin PBXBuildFile section */
		4F7FC7232D54A37C002261B6 /* ProtonTodoDevTestiOS.framework in Frameworks */ = {isa = PBXBuildFile; fileRef = 4F7FC7192D54A37C002261B6 /* ProtonTodoDevTestiOS.framework */; };
		4FD132FC2D54AF3000BF7A49 /* ProtonTodoDevTest.framework in Frameworks */ = {isa = PBXBuildFile; fileRef = 4F7FC6C42D548C7C002261B6 /* ProtonTodoDevTest.framework */; };
		4FD132FD2D54AF3000BF7A49 /* ProtonTodoDevTest.framework in Embed Frameworks */ = {isa = PBXBuildFile; fileRef = 4F7FC6C42D548C7C002261B6 /* ProtonTodoDevTest.framework */; settings = {ATTRIBUTES = (CodeSignOnCopy, RemoveHeadersOnCopy, ); }; };
		4FD133012D54AF3B00BF7A49 /* ProtonTodoDevTest.framework in Frameworks */ = {isa = PBXBuildFile; fileRef = 4F7FC6C42D548C7C002261B6 /* ProtonTodoDevTest.framework */; };
		4FD133022D54AF3B00BF7A49 /* ProtonTodoDevTest.framework in Embed Frameworks */ = {isa = PBXBuildFile; fileRef = 4F7FC6C42D548C7C002261B6 /* ProtonTodoDevTest.framework */; settings = {ATTRIBUTES = (CodeSignOnCopy, RemoveHeadersOnCopy, ); }; };
/* End PBXBuildFile section */

/* Begin PBXContainerItemProxy section */
		4F7FC7242D54A37C002261B6 /* PBXContainerItemProxy */ = {
			isa = PBXContainerItemProxy;
			containerPortal = 4F7FC6BB2D548C7C002261B6 /* Project object */;
			proxyType = 1;
			remoteGlobalIDString = 4F7FC7182D54A37C002261B6;
			remoteInfo = ProtonTodoDevTestiOS;
		};
		4FD132FE2D54AF3000BF7A49 /* PBXContainerItemProxy */ = {
			isa = PBXContainerItemProxy;
			containerPortal = 4F7FC6BB2D548C7C002261B6 /* Project object */;
			proxyType = 1;
			remoteGlobalIDString = 4F7FC6C32D548C7C002261B6;
			remoteInfo = ProtonTodoDevTest;
		};
		4FD133032D54AF3B00BF7A49 /* PBXContainerItemProxy */ = {
			isa = PBXContainerItemProxy;
			containerPortal = 4F7FC6BB2D548C7C002261B6 /* Project object */;
			proxyType = 1;
			remoteGlobalIDString = 4F7FC6C32D548C7C002261B6;
			remoteInfo = ProtonTodoDevTest;
		};
/* End PBXContainerItemProxy section */

/* Begin PBXCopyFilesBuildPhase section */
		4FD133002D54AF3000BF7A49 /* Embed Frameworks */ = {
			isa = PBXCopyFilesBuildPhase;
			buildActionMask = 2147483647;
			dstPath = "";
			dstSubfolderSpec = 10;
			files = (
				4FD132FD2D54AF3000BF7A49 /* ProtonTodoDevTest.framework in Embed Frameworks */,
			);
			name = "Embed Frameworks";
			runOnlyForDeploymentPostprocessing = 0;
		};
		4FD133052D54AF3B00BF7A49 /* Embed Frameworks */ = {
			isa = PBXCopyFilesBuildPhase;
			buildActionMask = 2147483647;
			dstPath = "";
			dstSubfolderSpec = 10;
			files = (
				4FD133022D54AF3B00BF7A49 /* ProtonTodoDevTest.framework in Embed Frameworks */,
			);
			name = "Embed Frameworks";
			runOnlyForDeploymentPostprocessing = 0;
		};
/* End PBXCopyFilesBuildPhase section */

/* Begin PBXFileReference section */
		4F7FC6C42D548C7C002261B6 /* ProtonTodoDevTest.framework */ = {isa = PBXFileReference; explicitFileType = wrapper.framework; includeInIndex = 0; path = ProtonTodoDevTest.framework; sourceTree = BUILT_PRODUCTS_DIR; };
		4F7FC6CE2D548C7D002261B6 /* ProtonTodoDevTestTests.xctest */ = {isa = PBXFileReference; explicitFileType = wrapper.cfbundle; includeInIndex = 0; path = ProtonTodoDevTestTests.xctest; sourceTree = BUILT_PRODUCTS_DIR; };
		4F7FC7192D54A37C002261B6 /* ProtonTodoDevTestiOS.framework */ = {isa = PBXFileReference; explicitFileType = wrapper.framework; includeInIndex = 0; path = ProtonTodoDevTestiOS.framework; sourceTree = BUILT_PRODUCTS_DIR; };
		4F7FC7222D54A37C002261B6 /* ProtonTodoDevTestiOSTests.xctest */ = {isa = PBXFileReference; explicitFileType = wrapper.cfbundle; includeInIndex = 0; path = ProtonTodoDevTestiOSTests.xctest; sourceTree = BUILT_PRODUCTS_DIR; };
/* End PBXFileReference section */

/* Begin PBXFileSystemSynchronizedRootGroup section */
		4F7FC6C62D548C7C002261B6 /* ProtonTodoDevTest */ = {
			isa = PBXFileSystemSynchronizedRootGroup;
			path = ProtonTodoDevTest;
			sourceTree = "<group>";
		};
		4F7FC6D22D548C7D002261B6 /* ProtonTodoDevTestTests */ = {
			isa = PBXFileSystemSynchronizedRootGroup;
			path = ProtonTodoDevTestTests;
			sourceTree = "<group>";
		};
		4F7FC71A2D54A37C002261B6 /* ProtonTodoDevTestiOS */ = {
			isa = PBXFileSystemSynchronizedRootGroup;
			path = ProtonTodoDevTestiOS;
			sourceTree = "<group>";
		};
		4F7FC7262D54A37C002261B6 /* ProtonTodoDevTestiOSTests */ = {
			isa = PBXFileSystemSynchronizedRootGroup;
			path = ProtonTodoDevTestiOSTests;
			sourceTree = "<group>";
		};
/* End PBXFileSystemSynchronizedRootGroup section */

/* Begin PBXFrameworksBuildPhase section */
		4F7FC6C12D548C7C002261B6 /* Frameworks */ = {
			isa = PBXFrameworksBuildPhase;
			buildActionMask = 2147483647;
			files = (
			);
			runOnlyForDeploymentPostprocessing = 0;
		};
		4F7FC6CB2D548C7D002261B6 /* Frameworks */ = {
			isa = PBXFrameworksBuildPhase;
			buildActionMask = 2147483647;
			files = (
				4FD132FC2D54AF3000BF7A49 /* ProtonTodoDevTest.framework in Frameworks */,
			);
			runOnlyForDeploymentPostprocessing = 0;
		};
		4F7FC7162D54A37C002261B6 /* Frameworks */ = {
			isa = PBXFrameworksBuildPhase;
			buildActionMask = 2147483647;
			files = (
				4FD133012D54AF3B00BF7A49 /* ProtonTodoDevTest.framework in Frameworks */,
			);
			runOnlyForDeploymentPostprocessing = 0;
		};
		4F7FC71F2D54A37C002261B6 /* Frameworks */ = {
			isa = PBXFrameworksBuildPhase;
			buildActionMask = 2147483647;
			files = (
				4F7FC7232D54A37C002261B6 /* ProtonTodoDevTestiOS.framework in Frameworks */,
			);
			runOnlyForDeploymentPostprocessing = 0;
		};
/* End PBXFrameworksBuildPhase section */

/* Begin PBXGroup section */
		4F7FC6BA2D548C7C002261B6 = {
			isa = PBXGroup;
			children = (
				4F7FC6C62D548C7C002261B6 /* ProtonTodoDevTest */,
				4F7FC6D22D548C7D002261B6 /* ProtonTodoDevTestTests */,
				4F7FC71A2D54A37C002261B6 /* ProtonTodoDevTestiOS */,
				4F7FC7262D54A37C002261B6 /* ProtonTodoDevTestiOSTests */,
				4F7FC7512D54A8C3002261B6 /* Frameworks */,
				4F7FC6C52D548C7C002261B6 /* Products */,
			);
			sourceTree = "<group>";
		};
		4F7FC6C52D548C7C002261B6 /* Products */ = {
			isa = PBXGroup;
			children = (
				4F7FC6C42D548C7C002261B6 /* ProtonTodoDevTest.framework */,
				4F7FC6CE2D548C7D002261B6 /* ProtonTodoDevTestTests.xctest */,
				4F7FC7192D54A37C002261B6 /* ProtonTodoDevTestiOS.framework */,
				4F7FC7222D54A37C002261B6 /* ProtonTodoDevTestiOSTests.xctest */,
			);
			name = Products;
			sourceTree = "<group>";
		};
		4F7FC7512D54A8C3002261B6 /* Frameworks */ = {
			isa = PBXGroup;
			children = (
			);
			name = Frameworks;
			sourceTree = "<group>";
		};
/* End PBXGroup section */

/* Begin PBXHeadersBuildPhase section */
		4F7FC6BF2D548C7C002261B6 /* Headers */ = {
			isa = PBXHeadersBuildPhase;
			buildActionMask = 2147483647;
			files = (
			);
			runOnlyForDeploymentPostprocessing = 0;
		};
		4F7FC7142D54A37C002261B6 /* Headers */ = {
			isa = PBXHeadersBuildPhase;
			buildActionMask = 2147483647;
			files = (
			);
			runOnlyForDeploymentPostprocessing = 0;
		};
/* End PBXHeadersBuildPhase section */

/* Begin PBXNativeTarget section */
		4F7FC6C32D548C7C002261B6 /* ProtonTodoDevTest */ = {
			isa = PBXNativeTarget;
			buildConfigurationList = 4F7FC6D72D548C7D002261B6 /* Build configuration list for PBXNativeTarget "ProtonTodoDevTest" */;
			buildPhases = (
				4F7FC6BF2D548C7C002261B6 /* Headers */,
				4F7FC6C02D548C7C002261B6 /* Sources */,
				4F7FC6C12D548C7C002261B6 /* Frameworks */,
				4F7FC6C22D548C7C002261B6 /* Resources */,
			);
			buildRules = (
			);
			dependencies = (
			);
			fileSystemSynchronizedGroups = (
				4F7FC6C62D548C7C002261B6 /* ProtonTodoDevTest */,
			);
			name = ProtonTodoDevTest;
			packageProductDependencies = (
			);
			productName = ProtonTodoDevTest;
			productReference = 4F7FC6C42D548C7C002261B6 /* ProtonTodoDevTest.framework */;
			productType = "com.apple.product-type.framework";
		};
		4F7FC6CD2D548C7D002261B6 /* ProtonTodoDevTestTests */ = {
			isa = PBXNativeTarget;
			buildConfigurationList = 4F7FC6DC2D548C7D002261B6 /* Build configuration list for PBXNativeTarget "ProtonTodoDevTestTests" */;
			buildPhases = (
				4F7FC6CA2D548C7D002261B6 /* Sources */,
				4F7FC6CB2D548C7D002261B6 /* Frameworks */,
				4F7FC6CC2D548C7D002261B6 /* Resources */,
				4FD133002D54AF3000BF7A49 /* Embed Frameworks */,
			);
			buildRules = (
			);
			dependencies = (
				4FD132FF2D54AF3000BF7A49 /* PBXTargetDependency */,
			);
			fileSystemSynchronizedGroups = (
				4F7FC6D22D548C7D002261B6 /* ProtonTodoDevTestTests */,
			);
			name = ProtonTodoDevTestTests;
			packageProductDependencies = (
			);
			productName = ProtonTodoDevTestTests;
			productReference = 4F7FC6CE2D548C7D002261B6 /* ProtonTodoDevTestTests.xctest */;
			productType = "com.apple.product-type.bundle.unit-test";
		};
		4F7FC7182D54A37C002261B6 /* ProtonTodoDevTestiOS */ = {
			isa = PBXNativeTarget;
			buildConfigurationList = 4F7FC72B2D54A37C002261B6 /* Build configuration list for PBXNativeTarget "ProtonTodoDevTestiOS" */;
			buildPhases = (
				4F7FC7142D54A37C002261B6 /* Headers */,
				4F7FC7152D54A37C002261B6 /* Sources */,
				4F7FC7162D54A37C002261B6 /* Frameworks */,
				4F7FC7172D54A37C002261B6 /* Resources */,
				4FD133052D54AF3B00BF7A49 /* Embed Frameworks */,
			);
			buildRules = (
			);
			dependencies = (
				4FD133042D54AF3B00BF7A49 /* PBXTargetDependency */,
			);
			fileSystemSynchronizedGroups = (
				4F7FC71A2D54A37C002261B6 /* ProtonTodoDevTestiOS */,
			);
			name = ProtonTodoDevTestiOS;
			packageProductDependencies = (
			);
			productName = ProtonTodoDevTestiOS;
			productReference = 4F7FC7192D54A37C002261B6 /* ProtonTodoDevTestiOS.framework */;
			productType = "com.apple.product-type.framework";
		};
		4F7FC7212D54A37C002261B6 /* ProtonTodoDevTestiOSTests */ = {
			isa = PBXNativeTarget;
			buildConfigurationList = 4F7FC72E2D54A37C002261B6 /* Build configuration list for PBXNativeTarget "ProtonTodoDevTestiOSTests" */;
			buildPhases = (
				4F7FC71E2D54A37C002261B6 /* Sources */,
				4F7FC71F2D54A37C002261B6 /* Frameworks */,
				4F7FC7202D54A37C002261B6 /* Resources */,
			);
			buildRules = (
			);
			dependencies = (
				4F7FC7252D54A37C002261B6 /* PBXTargetDependency */,
			);
			fileSystemSynchronizedGroups = (
				4F7FC7262D54A37C002261B6 /* ProtonTodoDevTestiOSTests */,
			);
			name = ProtonTodoDevTestiOSTests;
			packageProductDependencies = (
			);
			productName = ProtonTodoDevTestiOSTests;
			productReference = 4F7FC7222D54A37C002261B6 /* ProtonTodoDevTestiOSTests.xctest */;
			productType = "com.apple.product-type.bundle.unit-test";
		};
/* End PBXNativeTarget section */

/* Begin PBXProject section */
		4F7FC6BB2D548C7C002261B6 /* Project object */ = {
			isa = PBXProject;
			attributes = {
				BuildIndependentTargetsInParallel = 1;
				LastSwiftUpdateCheck = 1620;
				LastUpgradeCheck = 1620;
				TargetAttributes = {
					4F7FC6C32D548C7C002261B6 = {
						CreatedOnToolsVersion = 16.2;
					};
					4F7FC6CD2D548C7D002261B6 = {
						CreatedOnToolsVersion = 16.2;
						LastSwiftMigration = 1620;
					};
					4F7FC7182D54A37C002261B6 = {
						CreatedOnToolsVersion = 16.2;
					};
					4F7FC7212D54A37C002261B6 = {
						CreatedOnToolsVersion = 16.2;
					};
				};
			};
			buildConfigurationList = 4F7FC6BE2D548C7C002261B6 /* Build configuration list for PBXProject "ProtonTodoDevTest" */;
			developmentRegion = en;
			hasScannedForEncodings = 0;
			knownRegions = (
				en,
				Base,
			);
			mainGroup = 4F7FC6BA2D548C7C002261B6;
			minimizedProjectReferenceProxies = 1;
			preferredProjectObjectVersion = 77;
			productRefGroup = 4F7FC6C52D548C7C002261B6 /* Products */;
			projectDirPath = "";
			projectRoot = "";
			targets = (
				4F7FC6C32D548C7C002261B6 /* ProtonTodoDevTest */,
				4F7FC6CD2D548C7D002261B6 /* ProtonTodoDevTestTests */,
				4F7FC7182D54A37C002261B6 /* ProtonTodoDevTestiOS */,
				4F7FC7212D54A37C002261B6 /* ProtonTodoDevTestiOSTests */,
			);
		};
/* End PBXProject section */

/* Begin PBXResourcesBuildPhase section */
		4F7FC6C22D548C7C002261B6 /* Resources */ = {
			isa = PBXResourcesBuildPhase;
			buildActionMask = 2147483647;
			files = (
			);
			runOnlyForDeploymentPostprocessing = 0;
		};
		4F7FC6CC2D548C7D002261B6 /* Resources */ = {
			isa = PBXResourcesBuildPhase;
			buildActionMask = 2147483647;
			files = (
			);
			runOnlyForDeploymentPostprocessing = 0;
		};
		4F7FC7172D54A37C002261B6 /* Resources */ = {
			isa = PBXResourcesBuildPhase;
			buildActionMask = 2147483647;
			files = (
			);
			runOnlyForDeploymentPostprocessing = 0;
		};
		4F7FC7202D54A37C002261B6 /* Resources */ = {
			isa = PBXResourcesBuildPhase;
			buildActionMask = 2147483647;
			files = (
			);
			runOnlyForDeploymentPostprocessing = 0;
		};
/* End PBXResourcesBuildPhase section */

/* Begin PBXSourcesBuildPhase section */
		4F7FC6C02D548C7C002261B6 /* Sources */ = {
			isa = PBXSourcesBuildPhase;
			buildActionMask = 2147483647;
			files = (
			);
			runOnlyForDeploymentPostprocessing = 0;
		};
		4F7FC6CA2D548C7D002261B6 /* Sources */ = {
			isa = PBXSourcesBuildPhase;
			buildActionMask = 2147483647;
			files = (
			);
			runOnlyForDeploymentPostprocessing = 0;
		};
		4F7FC7152D54A37C002261B6 /* Sources */ = {
			isa = PBXSourcesBuildPhase;
			buildActionMask = 2147483647;
			files = (
			);
			runOnlyForDeploymentPostprocessing = 0;
		};
		4F7FC71E2D54A37C002261B6 /* Sources */ = {
			isa = PBXSourcesBuildPhase;
			buildActionMask = 2147483647;
			files = (
			);
			runOnlyForDeploymentPostprocessing = 0;
		};
/* End PBXSourcesBuildPhase section */

/* Begin PBXTargetDependency section */
		4F7FC7252D54A37C002261B6 /* PBXTargetDependency */ = {
			isa = PBXTargetDependency;
			target = 4F7FC7182D54A37C002261B6 /* ProtonTodoDevTestiOS */;
			targetProxy = 4F7FC7242D54A37C002261B6 /* PBXContainerItemProxy */;
		};
		4FD132FF2D54AF3000BF7A49 /* PBXTargetDependency */ = {
			isa = PBXTargetDependency;
			target = 4F7FC6C32D548C7C002261B6 /* ProtonTodoDevTest */;
			targetProxy = 4FD132FE2D54AF3000BF7A49 /* PBXContainerItemProxy */;
		};
		4FD133042D54AF3B00BF7A49 /* PBXTargetDependency */ = {
			isa = PBXTargetDependency;
			target = 4F7FC6C32D548C7C002261B6 /* ProtonTodoDevTest */;
			targetProxy = 4FD133032D54AF3B00BF7A49 /* PBXContainerItemProxy */;
		};
/* End PBXTargetDependency section */

/* Begin XCBuildConfiguration section */
		4F7FC6D82D548C7D002261B6 /* Debug */ = {
			isa = XCBuildConfiguration;
			buildSettings = {
				BUILD_LIBRARY_FOR_DISTRIBUTION = YES;
				CODE_SIGN_STYLE = Automatic;
				COMBINE_HIDPI_IMAGES = YES;
				CURRENT_PROJECT_VERSION = 1;
				DEFINES_MODULE = YES;
				DEVELOPMENT_TEAM = 5YJ9NPM7MQ;
				DYLIB_COMPATIBILITY_VERSION = 1;
				DYLIB_CURRENT_VERSION = 1;
				DYLIB_INSTALL_NAME_BASE = "@rpath";
				ENABLE_MODULE_VERIFIER = YES;
				FRAMEWORK_SEARCH_PATHS = (
					"$(inherited)",
					"$(SRCROOT)/**",
				);
				GENERATE_INFOPLIST_FILE = YES;
				INFOPLIST_KEY_NSHumanReadableCopyright = "";
				INSTALL_PATH = "$(LOCAL_LIBRARY_DIR)/Frameworks";
				LD_RUNPATH_SEARCH_PATHS = (
					"$(inherited)",
					"@executable_path/../Frameworks",
					"@loader_path/Frameworks",
				);
				MARKETING_VERSION = 1.0;
				MODULE_VERIFIER_SUPPORTED_LANGUAGES = "objective-c objective-c++";
				MODULE_VERIFIER_SUPPORTED_LANGUAGE_STANDARDS = "gnu17 gnu++20";
				PRODUCT_BUNDLE_IDENTIFIER = com.fenominall.ProtonTodoDevTest;
				PRODUCT_NAME = "$(TARGET_NAME:c99extidentifier)";
				SKIP_INSTALL = YES;
				SUPPORTED_PLATFORMS = "macosx iphonesimulator iphoneos";
				SWIFT_EMIT_LOC_STRINGS = YES;
				SWIFT_INSTALL_OBJC_HEADER = NO;
				SWIFT_VERSION = 5.0;
			};
			name = Debug;
		};
		4F7FC6D92D548C7D002261B6 /* Release */ = {
			isa = XCBuildConfiguration;
			buildSettings = {
				BUILD_LIBRARY_FOR_DISTRIBUTION = YES;
				CODE_SIGN_STYLE = Automatic;
				COMBINE_HIDPI_IMAGES = YES;
				CURRENT_PROJECT_VERSION = 1;
				DEFINES_MODULE = YES;
				DEVELOPMENT_TEAM = 5YJ9NPM7MQ;
				DYLIB_COMPATIBILITY_VERSION = 1;
				DYLIB_CURRENT_VERSION = 1;
				DYLIB_INSTALL_NAME_BASE = "@rpath";
				ENABLE_MODULE_VERIFIER = YES;
				FRAMEWORK_SEARCH_PATHS = (
					"$(inherited)",
					"$(SRCROOT)/**",
				);
				GENERATE_INFOPLIST_FILE = YES;
				INFOPLIST_KEY_NSHumanReadableCopyright = "";
				INSTALL_PATH = "$(LOCAL_LIBRARY_DIR)/Frameworks";
				LD_RUNPATH_SEARCH_PATHS = (
					"$(inherited)",
					"@executable_path/../Frameworks",
					"@loader_path/Frameworks",
				);
				MARKETING_VERSION = 1.0;
				MODULE_VERIFIER_SUPPORTED_LANGUAGES = "objective-c objective-c++";
				MODULE_VERIFIER_SUPPORTED_LANGUAGE_STANDARDS = "gnu17 gnu++20";
				PRODUCT_BUNDLE_IDENTIFIER = com.fenominall.ProtonTodoDevTest;
				PRODUCT_NAME = "$(TARGET_NAME:c99extidentifier)";
				SKIP_INSTALL = YES;
				SUPPORTED_PLATFORMS = "macosx iphonesimulator iphoneos";
				SWIFT_EMIT_LOC_STRINGS = YES;
				SWIFT_INSTALL_OBJC_HEADER = NO;
				SWIFT_VERSION = 5.0;
			};
			name = Release;
		};
		4F7FC6DA2D548C7D002261B6 /* Debug */ = {
			isa = XCBuildConfiguration;
			buildSettings = {
				ALWAYS_SEARCH_USER_PATHS = NO;
				ASSETCATALOG_COMPILER_GENERATE_SWIFT_ASSET_SYMBOL_EXTENSIONS = YES;
				CLANG_ANALYZER_NONNULL = YES;
				CLANG_ANALYZER_NUMBER_OBJECT_CONVERSION = YES_AGGRESSIVE;
				CLANG_CXX_LANGUAGE_STANDARD = "gnu++20";
				CLANG_ENABLE_MODULES = YES;
				CLANG_ENABLE_OBJC_ARC = YES;
				CLANG_ENABLE_OBJC_WEAK = YES;
				CLANG_WARN_BLOCK_CAPTURE_AUTORELEASING = YES;
				CLANG_WARN_BOOL_CONVERSION = YES;
				CLANG_WARN_COMMA = YES;
				CLANG_WARN_CONSTANT_CONVERSION = YES;
				CLANG_WARN_DEPRECATED_OBJC_IMPLEMENTATIONS = YES;
				CLANG_WARN_DIRECT_OBJC_ISA_USAGE = YES_ERROR;
				CLANG_WARN_DOCUMENTATION_COMMENTS = YES;
				CLANG_WARN_EMPTY_BODY = YES;
				CLANG_WARN_ENUM_CONVERSION = YES;
				CLANG_WARN_INFINITE_RECURSION = YES;
				CLANG_WARN_INT_CONVERSION = YES;
				CLANG_WARN_NON_LITERAL_NULL_CONVERSION = YES;
				CLANG_WARN_OBJC_IMPLICIT_RETAIN_SELF = YES;
				CLANG_WARN_OBJC_LITERAL_CONVERSION = YES;
				CLANG_WARN_OBJC_ROOT_CLASS = YES_ERROR;
				CLANG_WARN_QUOTED_INCLUDE_IN_FRAMEWORK_HEADER = YES;
				CLANG_WARN_RANGE_LOOP_ANALYSIS = YES;
				CLANG_WARN_STRICT_PROTOTYPES = YES;
				CLANG_WARN_SUSPICIOUS_MOVE = YES;
				CLANG_WARN_UNGUARDED_AVAILABILITY = YES_AGGRESSIVE;
				CLANG_WARN_UNREACHABLE_CODE = YES;
				CLANG_WARN__DUPLICATE_METHOD_MATCH = YES;
				COPY_PHASE_STRIP = NO;
				CURRENT_PROJECT_VERSION = 1;
				DEBUG_INFORMATION_FORMAT = dwarf;
				DEFINES_MODULE = YES;
				ENABLE_STRICT_OBJC_MSGSEND = YES;
				ENABLE_TESTABILITY = YES;
				ENABLE_USER_SCRIPT_SANDBOXING = YES;
				FRAMEWORK_SEARCH_PATHS = (
					"$(SRCROOT)/**",
					"$(inherited)",
				);
				GCC_C_LANGUAGE_STANDARD = gnu17;
				GCC_DYNAMIC_NO_PIC = NO;
				GCC_NO_COMMON_BLOCKS = YES;
				GCC_OPTIMIZATION_LEVEL = 0;
				GCC_PREPROCESSOR_DEFINITIONS = (
					"DEBUG=1",
					"$(inherited)",
				);
				GCC_WARN_64_TO_32_BIT_CONVERSION = YES;
				GCC_WARN_ABOUT_RETURN_TYPE = YES_ERROR;
				GCC_WARN_UNDECLARED_SELECTOR = YES;
				GCC_WARN_UNINITIALIZED_AUTOS = YES_AGGRESSIVE;
				GCC_WARN_UNUSED_FUNCTION = YES;
				GCC_WARN_UNUSED_VARIABLE = YES;
				LOCALIZATION_PREFERS_STRING_CATALOGS = YES;
				MACOSX_DEPLOYMENT_TARGET = 15.2;
				MTL_ENABLE_DEBUG_INFO = INCLUDE_SOURCE;
				MTL_FAST_MATH = YES;
				ONLY_ACTIVE_ARCH = NO;
				SDKROOT = macosx;
				SUPPORTED_PLATFORMS = "macosx iphonesimulator iphoneos";
				SWIFT_ACTIVE_COMPILATION_CONDITIONS = "DEBUG $(inherited)";
				SWIFT_OPTIMIZATION_LEVEL = "-Onone";
				VERSIONING_SYSTEM = "apple-generic";
				VERSION_INFO_PREFIX = "";
			};
			name = Debug;
		};
		4F7FC6DB2D548C7D002261B6 /* Release */ = {
			isa = XCBuildConfiguration;
			buildSettings = {
				ALWAYS_SEARCH_USER_PATHS = NO;
				ASSETCATALOG_COMPILER_GENERATE_SWIFT_ASSET_SYMBOL_EXTENSIONS = YES;
				CLANG_ANALYZER_NONNULL = YES;
				CLANG_ANALYZER_NUMBER_OBJECT_CONVERSION = YES_AGGRESSIVE;
				CLANG_CXX_LANGUAGE_STANDARD = "gnu++20";
				CLANG_ENABLE_MODULES = YES;
				CLANG_ENABLE_OBJC_ARC = YES;
				CLANG_ENABLE_OBJC_WEAK = YES;
				CLANG_WARN_BLOCK_CAPTURE_AUTORELEASING = YES;
				CLANG_WARN_BOOL_CONVERSION = YES;
				CLANG_WARN_COMMA = YES;
				CLANG_WARN_CONSTANT_CONVERSION = YES;
				CLANG_WARN_DEPRECATED_OBJC_IMPLEMENTATIONS = YES;
				CLANG_WARN_DIRECT_OBJC_ISA_USAGE = YES_ERROR;
				CLANG_WARN_DOCUMENTATION_COMMENTS = YES;
				CLANG_WARN_EMPTY_BODY = YES;
				CLANG_WARN_ENUM_CONVERSION = YES;
				CLANG_WARN_INFINITE_RECURSION = YES;
				CLANG_WARN_INT_CONVERSION = YES;
				CLANG_WARN_NON_LITERAL_NULL_CONVERSION = YES;
				CLANG_WARN_OBJC_IMPLICIT_RETAIN_SELF = YES;
				CLANG_WARN_OBJC_LITERAL_CONVERSION = YES;
				CLANG_WARN_OBJC_ROOT_CLASS = YES_ERROR;
				CLANG_WARN_QUOTED_INCLUDE_IN_FRAMEWORK_HEADER = YES;
				CLANG_WARN_RANGE_LOOP_ANALYSIS = YES;
				CLANG_WARN_STRICT_PROTOTYPES = YES;
				CLANG_WARN_SUSPICIOUS_MOVE = YES;
				CLANG_WARN_UNGUARDED_AVAILABILITY = YES_AGGRESSIVE;
				CLANG_WARN_UNREACHABLE_CODE = YES;
				CLANG_WARN__DUPLICATE_METHOD_MATCH = YES;
				COPY_PHASE_STRIP = NO;
				CURRENT_PROJECT_VERSION = 1;
				DEBUG_INFORMATION_FORMAT = "dwarf-with-dsym";
				DEFINES_MODULE = YES;
				ENABLE_NS_ASSERTIONS = NO;
				ENABLE_STRICT_OBJC_MSGSEND = YES;
				ENABLE_USER_SCRIPT_SANDBOXING = YES;
				FRAMEWORK_SEARCH_PATHS = (
					"$(SRCROOT)/**",
					"$(inherited)",
				);
				GCC_C_LANGUAGE_STANDARD = gnu17;
				GCC_NO_COMMON_BLOCKS = YES;
				GCC_WARN_64_TO_32_BIT_CONVERSION = YES;
				GCC_WARN_ABOUT_RETURN_TYPE = YES_ERROR;
				GCC_WARN_UNDECLARED_SELECTOR = YES;
				GCC_WARN_UNINITIALIZED_AUTOS = YES_AGGRESSIVE;
				GCC_WARN_UNUSED_FUNCTION = YES;
				GCC_WARN_UNUSED_VARIABLE = YES;
				LOCALIZATION_PREFERS_STRING_CATALOGS = YES;
				MACOSX_DEPLOYMENT_TARGET = 15.2;
				MTL_ENABLE_DEBUG_INFO = NO;
				MTL_FAST_MATH = YES;
				SDKROOT = macosx;
				SUPPORTED_PLATFORMS = "macosx iphonesimulator iphoneos";
				SWIFT_COMPILATION_MODE = wholemodule;
				VERSIONING_SYSTEM = "apple-generic";
				VERSION_INFO_PREFIX = "";
			};
			name = Release;
		};
		4F7FC6DD2D548C7D002261B6 /* Debug */ = {
			isa = XCBuildConfiguration;
			buildSettings = {
				CLANG_ENABLE_MODULES = YES;
				CODE_SIGN_STYLE = Automatic;
				CURRENT_PROJECT_VERSION = 1;
				DEVELOPMENT_TEAM = 5YJ9NPM7MQ;
				GENERATE_INFOPLIST_FILE = YES;
				MARKETING_VERSION = 1.0;
				PRODUCT_BUNDLE_IDENTIFIER = com.fenominall.ProtonTodoDevTestTests;
				PRODUCT_NAME = "$(TARGET_NAME)";
				SWIFT_EMIT_LOC_STRINGS = NO;
				SWIFT_OPTIMIZATION_LEVEL = "-Onone";
				SWIFT_VERSION = 5.0;
			};
			name = Debug;
		};
		4F7FC6DE2D548C7D002261B6 /* Release */ = {
			isa = XCBuildConfiguration;
			buildSettings = {
				CLANG_ENABLE_MODULES = YES;
				CODE_SIGN_STYLE = Automatic;
				CURRENT_PROJECT_VERSION = 1;
				DEVELOPMENT_TEAM = 5YJ9NPM7MQ;
				GENERATE_INFOPLIST_FILE = YES;
				MARKETING_VERSION = 1.0;
				PRODUCT_BUNDLE_IDENTIFIER = com.fenominall.ProtonTodoDevTestTests;
				PRODUCT_NAME = "$(TARGET_NAME)";
				SWIFT_EMIT_LOC_STRINGS = NO;
				SWIFT_VERSION = 5.0;
			};
			name = Release;
		};
		4F7FC72C2D54A37C002261B6 /* Debug */ = {
			isa = XCBuildConfiguration;
			buildSettings = {
				BUILD_LIBRARY_FOR_DISTRIBUTION = YES;
				CODE_SIGN_STYLE = Automatic;
				CURRENT_PROJECT_VERSION = 1;
				DEFINES_MODULE = YES;
				DEVELOPMENT_TEAM = 5YJ9NPM7MQ;
				DYLIB_COMPATIBILITY_VERSION = 1;
				DYLIB_CURRENT_VERSION = 1;
				DYLIB_INSTALL_NAME_BASE = "@rpath";
				ENABLE_MODULE_VERIFIER = YES;
				FRAMEWORK_SEARCH_PATHS = (
					"$(inherited)",
					"$(SRCROOT)/**",
				);
				GENERATE_INFOPLIST_FILE = YES;
				INFOPLIST_KEY_NSHumanReadableCopyright = "";
				INSTALL_PATH = "$(LOCAL_LIBRARY_DIR)/Frameworks";
				IPHONEOS_DEPLOYMENT_TARGET = 18.2;
				LD_RUNPATH_SEARCH_PATHS = (
					"$(inherited)",
					"@executable_path/Frameworks",
					"@loader_path/Frameworks",
				);
				MARKETING_VERSION = 1.0;
				MODULE_VERIFIER_SUPPORTED_LANGUAGES = "objective-c objective-c++";
				MODULE_VERIFIER_SUPPORTED_LANGUAGE_STANDARDS = "gnu17 gnu++20";
				PRODUCT_BUNDLE_IDENTIFIER = com.fenominall.ProtonTodoDevTestiOS;
				PRODUCT_NAME = "$(TARGET_NAME:c99extidentifier)";
				SDKROOT = iphoneos;
				SKIP_INSTALL = YES;
				SWIFT_EMIT_LOC_STRINGS = YES;
				SWIFT_INSTALL_OBJC_HEADER = NO;
				SWIFT_VERSION = 5.0;
				TARGETED_DEVICE_FAMILY = "1,2";
			};
			name = Debug;
		};
		4F7FC72D2D54A37C002261B6 /* Release */ = {
			isa = XCBuildConfiguration;
			buildSettings = {
				BUILD_LIBRARY_FOR_DISTRIBUTION = YES;
				CODE_SIGN_STYLE = Automatic;
				CURRENT_PROJECT_VERSION = 1;
				DEFINES_MODULE = YES;
				DEVELOPMENT_TEAM = 5YJ9NPM7MQ;
				DYLIB_COMPATIBILITY_VERSION = 1;
				DYLIB_CURRENT_VERSION = 1;
				DYLIB_INSTALL_NAME_BASE = "@rpath";
				ENABLE_MODULE_VERIFIER = YES;
				FRAMEWORK_SEARCH_PATHS = (
					"$(inherited)",
					"$(SRCROOT)/**",
				);
				GENERATE_INFOPLIST_FILE = YES;
				INFOPLIST_KEY_NSHumanReadableCopyright = "";
				INSTALL_PATH = "$(LOCAL_LIBRARY_DIR)/Frameworks";
				IPHONEOS_DEPLOYMENT_TARGET = 18.2;
				LD_RUNPATH_SEARCH_PATHS = (
					"$(inherited)",
					"@executable_path/Frameworks",
					"@loader_path/Frameworks",
				);
				MARKETING_VERSION = 1.0;
				MODULE_VERIFIER_SUPPORTED_LANGUAGES = "objective-c objective-c++";
				MODULE_VERIFIER_SUPPORTED_LANGUAGE_STANDARDS = "gnu17 gnu++20";
				PRODUCT_BUNDLE_IDENTIFIER = com.fenominall.ProtonTodoDevTestiOS;
				PRODUCT_NAME = "$(TARGET_NAME:c99extidentifier)";
				SDKROOT = iphoneos;
				SKIP_INSTALL = YES;
				SWIFT_EMIT_LOC_STRINGS = YES;
				SWIFT_INSTALL_OBJC_HEADER = NO;
				SWIFT_VERSION = 5.0;
				TARGETED_DEVICE_FAMILY = "1,2";
				VALIDATE_PRODUCT = YES;
			};
			name = Release;
		};
		4F7FC72F2D54A37C002261B6 /* Debug */ = {
			isa = XCBuildConfiguration;
			buildSettings = {
				CODE_SIGN_STYLE = Automatic;
				CURRENT_PROJECT_VERSION = 1;
				DEVELOPMENT_TEAM = 5YJ9NPM7MQ;
				GENERATE_INFOPLIST_FILE = YES;
				IPHONEOS_DEPLOYMENT_TARGET = 18.2;
				MARKETING_VERSION = 1.0;
				PRODUCT_BUNDLE_IDENTIFIER = com.fenominall.ProtonTodoDevTestiOSTests;
				PRODUCT_NAME = "$(TARGET_NAME)";
				SDKROOT = iphoneos;
				SWIFT_EMIT_LOC_STRINGS = NO;
				SWIFT_VERSION = 5.0;
				TARGETED_DEVICE_FAMILY = "1,2";
			};
			name = Debug;
		};
		4F7FC7302D54A37C002261B6 /* Release */ = {
			isa = XCBuildConfiguration;
			buildSettings = {
				CODE_SIGN_STYLE = Automatic;
				CURRENT_PROJECT_VERSION = 1;
				DEVELOPMENT_TEAM = 5YJ9NPM7MQ;
				GENERATE_INFOPLIST_FILE = YES;
				IPHONEOS_DEPLOYMENT_TARGET = 18.2;
				MARKETING_VERSION = 1.0;
				PRODUCT_BUNDLE_IDENTIFIER = com.fenominall.ProtonTodoDevTestiOSTests;
				PRODUCT_NAME = "$(TARGET_NAME)";
				SDKROOT = iphoneos;
				SWIFT_EMIT_LOC_STRINGS = NO;
				SWIFT_VERSION = 5.0;
				TARGETED_DEVICE_FAMILY = "1,2";
				VALIDATE_PRODUCT = YES;
			};
			name = Release;
		};
/* End XCBuildConfiguration section */

/* Begin XCConfigurationList section */
		4F7FC6BE2D548C7C002261B6 /* Build configuration list for PBXProject "ProtonTodoDevTest" */ = {
			isa = XCConfigurationList;
			buildConfigurations = (
				4F7FC6DA2D548C7D002261B6 /* Debug */,
				4F7FC6DB2D548C7D002261B6 /* Release */,
			);
			defaultConfigurationIsVisible = 0;
			defaultConfigurationName = Release;
		};
		4F7FC6D72D548C7D002261B6 /* Build configuration list for PBXNativeTarget "ProtonTodoDevTest" */ = {
			isa = XCConfigurationList;
			buildConfigurations = (
				4F7FC6D82D548C7D002261B6 /* Debug */,
				4F7FC6D92D548C7D002261B6 /* Release */,
			);
			defaultConfigurationIsVisible = 0;
			defaultConfigurationName = Release;
		};
		4F7FC6DC2D548C7D002261B6 /* Build configuration list for PBXNativeTarget "ProtonTodoDevTestTests" */ = {
			isa = XCConfigurationList;
			buildConfigurations = (
				4F7FC6DD2D548C7D002261B6 /* Debug */,
				4F7FC6DE2D548C7D002261B6 /* Release */,
			);
			defaultConfigurationIsVisible = 0;
			defaultConfigurationName = Release;
		};
		4F7FC72B2D54A37C002261B6 /* Build configuration list for PBXNativeTarget "ProtonTodoDevTestiOS" */ = {
			isa = XCConfigurationList;
			buildConfigurations = (
				4F7FC72C2D54A37C002261B6 /* Debug */,
				4F7FC72D2D54A37C002261B6 /* Release */,
			);
			defaultConfigurationIsVisible = 0;
			defaultConfigurationName = Release;
		};
		4F7FC72E2D54A37C002261B6 /* Build configuration list for PBXNativeTarget "ProtonTodoDevTestiOSTests" */ = {
			isa = XCConfigurationList;
			buildConfigurations = (
				4F7FC72F2D54A37C002261B6 /* Debug */,
				4F7FC7302D54A37C002261B6 /* Release */,
			);
			defaultConfigurationIsVisible = 0;
			defaultConfigurationName = Release;
		};
/* End XCConfigurationList section */
	};
	rootObject = 4F7FC6BB2D548C7C002261B6 /* Project object */;
}
